// !$*UTF8*$!
{
	archiveVersion = 1;
	classes = {
	};
	objectVersion = 56;
	objects = {

/* Begin PBXBuildFile section */
		BC188BFF2B3956E400CA70B3 /* PendingEventView.swift in Sources */ = {isa = PBXBuildFile; fileRef = BC188BFE2B3956E400CA70B3 /* PendingEventView.swift */; };
		BC324A682B2F1C0100448CED /* Events_auApp.swift in Sources */ = {isa = PBXBuildFile; fileRef = BC324A672B2F1C0100448CED /* Events_auApp.swift */; };
		BC324A6A2B2F1C0100448CED /* ContentView.swift in Sources */ = {isa = PBXBuildFile; fileRef = BC324A692B2F1C0100448CED /* ContentView.swift */; };
		BC324A6C2B2F1C0300448CED /* Assets.xcassets in Resources */ = {isa = PBXBuildFile; fileRef = BC324A6B2B2F1C0300448CED /* Assets.xcassets */; };
		BC324A6F2B2F1C0300448CED /* Preview Assets.xcassets in Resources */ = {isa = PBXBuildFile; fileRef = BC324A6E2B2F1C0300448CED /* Preview Assets.xcassets */; };
		BC324A762B2F1C3700448CED /* LoginView.swift in Sources */ = {isa = PBXBuildFile; fileRef = BC324A752B2F1C3600448CED /* LoginView.swift */; };
		BC324A782B2F1CC300448CED /* RoleSelectionView.swift in Sources */ = {isa = PBXBuildFile; fileRef = BC324A772B2F1CC300448CED /* RoleSelectionView.swift */; };
		BC324A7A2B2F1CD900448CED /* HomeView.swift in Sources */ = {isa = PBXBuildFile; fileRef = BC324A792B2F1CD900448CED /* HomeView.swift */; };
		BC324A7C2B2F1CE000448CED /* ProfileView.swift in Sources */ = {isa = PBXBuildFile; fileRef = BC324A7B2B2F1CE000448CED /* ProfileView.swift */; };
		BCF2FA322B32CD4E00262FC5 /* HostEventView.swift in Sources */ = {isa = PBXBuildFile; fileRef = BCF2FA312B32CD4E00262FC5 /* HostEventView.swift */; };
		BCF2FA342B32CFEF00262FC5 /* FillEventDetailView.swift in Sources */ = {isa = PBXBuildFile; fileRef = BCF2FA332B32CFEF00262FC5 /* FillEventDetailView.swift */; };
		BCF2FA372B3334AD00262FC5 /* CustomTextField in Frameworks */ = {isa = PBXBuildFile; productRef = BCF2FA362B3334AD00262FC5 /* CustomTextField */; };
/* End PBXBuildFile section */

/* Begin PBXFileReference section */
		BC188BFE2B3956E400CA70B3 /* PendingEventView.swift */ = {isa = PBXFileReference; lastKnownFileType = sourcecode.swift; path = PendingEventView.swift; sourceTree = "<group>"; };
		BC324A642B2F1C0100448CED /* Events.au.app */ = {isa = PBXFileReference; explicitFileType = wrapper.application; includeInIndex = 0; path = Events.au.app; sourceTree = BUILT_PRODUCTS_DIR; };
		BC324A672B2F1C0100448CED /* Events_auApp.swift */ = {isa = PBXFileReference; lastKnownFileType = sourcecode.swift; path = Events_auApp.swift; sourceTree = "<group>"; };
		BC324A692B2F1C0100448CED /* ContentView.swift */ = {isa = PBXFileReference; lastKnownFileType = sourcecode.swift; path = ContentView.swift; sourceTree = "<group>"; };
		BC324A6B2B2F1C0300448CED /* Assets.xcassets */ = {isa = PBXFileReference; lastKnownFileType = folder.assetcatalog; path = Assets.xcassets; sourceTree = "<group>"; };
		BC324A6E2B2F1C0300448CED /* Preview Assets.xcassets */ = {isa = PBXFileReference; lastKnownFileType = folder.assetcatalog; path = "Preview Assets.xcassets"; sourceTree = "<group>"; };
		BC324A752B2F1C3600448CED /* LoginView.swift */ = {isa = PBXFileReference; lastKnownFileType = sourcecode.swift; path = LoginView.swift; sourceTree = "<group>"; };
		BC324A772B2F1CC300448CED /* RoleSelectionView.swift */ = {isa = PBXFileReference; lastKnownFileType = sourcecode.swift; path = RoleSelectionView.swift; sourceTree = "<group>"; };
		BC324A792B2F1CD900448CED /* HomeView.swift */ = {isa = PBXFileReference; lastKnownFileType = sourcecode.swift; path = HomeView.swift; sourceTree = "<group>"; };
		BC324A7B2B2F1CE000448CED /* ProfileView.swift */ = {isa = PBXFileReference; lastKnownFileType = sourcecode.swift; path = ProfileView.swift; sourceTree = "<group>"; };
		BCF2FA312B32CD4E00262FC5 /* HostEventView.swift */ = {isa = PBXFileReference; lastKnownFileType = sourcecode.swift; path = HostEventView.swift; sourceTree = "<group>"; };
		BCF2FA332B32CFEF00262FC5 /* FillEventDetailView.swift */ = {isa = PBXFileReference; lastKnownFileType = sourcecode.swift; path = FillEventDetailView.swift; sourceTree = "<group>"; };
/* End PBXFileReference section */

/* Begin PBXFrameworksBuildPhase section */
		BC324A612B2F1C0100448CED /* Frameworks */ = {
			isa = PBXFrameworksBuildPhase;
			buildActionMask = 2147483647;
			files = (
				BCF2FA372B3334AD00262FC5 /* CustomTextField in Frameworks */,
			);
			runOnlyForDeploymentPostprocessing = 0;
		};
/* End PBXFrameworksBuildPhase section */

/* Begin PBXGroup section */
		BC324A5B2B2F1C0100448CED = {
			isa = PBXGroup;
			children = (
				BC324A662B2F1C0100448CED /* Events.au */,
				BC324A652B2F1C0100448CED /* Products */,
			);
			sourceTree = "<group>";
		};
		BC324A652B2F1C0100448CED /* Products */ = {
			isa = PBXGroup;
			children = (
				BC324A642B2F1C0100448CED /* Events.au.app */,
			);
			name = Products;
			sourceTree = "<group>";
		};
		BC324A662B2F1C0100448CED /* Events.au */ = {
			isa = PBXGroup;
			children = (
				BC324A672B2F1C0100448CED /* Events_auApp.swift */,
				BC324A692B2F1C0100448CED /* ContentView.swift */,
				BC324A6B2B2F1C0300448CED /* Assets.xcassets */,
				BCF2FA312B32CD4E00262FC5 /* HostEventView.swift */,
				BCF2FA332B32CFEF00262FC5 /* FillEventDetailView.swift */,
				BC188BFE2B3956E400CA70B3 /* PendingEventView.swift */,
				BC324A6D2B2F1C0300448CED /* Preview Content */,
				BC324A752B2F1C3600448CED /* LoginView.swift */,
				BC324A792B2F1CD900448CED /* HomeView.swift */,
				BC324A7B2B2F1CE000448CED /* ProfileView.swift */,
				BC324A772B2F1CC300448CED /* RoleSelectionView.swift */,
			);
			path = Events.au;
			sourceTree = "<group>";
		};
		BC324A6D2B2F1C0300448CED /* Preview Content */ = {
			isa = PBXGroup;
			children = (
				BC324A6E2B2F1C0300448CED /* Preview Assets.xcassets */,
			);
			path = "Preview Content";
			sourceTree = "<group>";
		};
/* End PBXGroup section */

/* Begin PBXNativeTarget section */
		BC324A632B2F1C0100448CED /* Events.au */ = {
			isa = PBXNativeTarget;
			buildConfigurationList = BC324A722B2F1C0300448CED /* Build configuration list for PBXNativeTarget "Events.au" */;
			buildPhases = (
				BC324A602B2F1C0100448CED /* Sources */,
				BC324A612B2F1C0100448CED /* Frameworks */,
				BC324A622B2F1C0100448CED /* Resources */,
			);
			buildRules = (
			);
			dependencies = (
			);
			name = Events.au;
			packageProductDependencies = (
				BCF2FA362B3334AD00262FC5 /* CustomTextField */,
			);
			productName = Events.au;
			productReference = BC324A642B2F1C0100448CED /* Events.au.app */;
			productType = "com.apple.product-type.application";
		};
/* End PBXNativeTarget section */

/* Begin PBXProject section */
		BC324A5C2B2F1C0100448CED /* Project object */ = {
			isa = PBXProject;
			attributes = {
				BuildIndependentTargetsInParallel = 1;
				LastSwiftUpdateCheck = 1510;
				LastUpgradeCheck = 1510;
				TargetAttributes = {
					BC324A632B2F1C0100448CED = {
						CreatedOnToolsVersion = 15.1;
					};
				};
			};
			buildConfigurationList = BC324A5F2B2F1C0100448CED /* Build configuration list for PBXProject "Events.au" */;
			compatibilityVersion = "Xcode 14.0";
			developmentRegion = en;
			hasScannedForEncodings = 0;
			knownRegions = (
				en,
				Base,
			);
			mainGroup = BC324A5B2B2F1C0100448CED;
			packageReferences = (
				BCF2FA352B3334AD00262FC5 /* XCRemoteSwiftPackageReference "SwiftUI-Custom-TextField" */,
			);
			productRefGroup = BC324A652B2F1C0100448CED /* Products */;
			projectDirPath = "";
			projectRoot = "";
			targets = (
				BC324A632B2F1C0100448CED /* Events.au */,
			);
		};
/* End PBXProject section */

/* Begin PBXResourcesBuildPhase section */
		BC324A622B2F1C0100448CED /* Resources */ = {
			isa = PBXResourcesBuildPhase;
			buildActionMask = 2147483647;
			files = (
				BC324A6F2B2F1C0300448CED /* Preview Assets.xcassets in Resources */,
				BC324A6C2B2F1C0300448CED /* Assets.xcassets in Resources */,
			);
			runOnlyForDeploymentPostprocessing = 0;
		};
/* End PBXResourcesBuildPhase section */

/* Begin PBXSourcesBuildPhase section */
		BC324A602B2F1C0100448CED /* Sources */ = {
			isa = PBXSourcesBuildPhase;
			buildActionMask = 2147483647;
			files = (
				BC324A762B2F1C3700448CED /* LoginView.swift in Sources */,
				BCF2FA322B32CD4E00262FC5 /* HostEventView.swift in Sources */,
				BC324A782B2F1CC300448CED /* RoleSelectionView.swift in Sources */,
				BCF2FA342B32CFEF00262FC5 /* FillEventDetailView.swift in Sources */,
				BC188BFF2B3956E400CA70B3 /* PendingEventView.swift in Sources */,
				BC324A6A2B2F1C0100448CED /* ContentView.swift in Sources */,
				BC324A7A2B2F1CD900448CED /* HomeView.swift in Sources */,
				BC324A7C2B2F1CE000448CED /* ProfileView.swift in Sources */,
				BC324A682B2F1C0100448CED /* Events_auApp.swift in Sources */,
			);
			runOnlyForDeploymentPostprocessing = 0;
		};
/* End PBXSourcesBuildPhase section */

/* Begin XCBuildConfiguration section */
		BC324A702B2F1C0300448CED /* Debug */ = {
			isa = XCBuildConfiguration;
			buildSettings = {
				ALWAYS_SEARCH_USER_PATHS = NO;
				ASSETCATALOG_COMPILER_GENERATE_SWIFT_ASSET_SYMBOL_EXTENSIONS = YES;
				CLANG_ANALYZER_NONNULL = YES;
				CLANG_ANALYZER_NUMBER_OBJECT_CONVERSION = YES_AGGRESSIVE;
				CLANG_CXX_LANGUAGE_STANDARD = "gnu++20";
				CLANG_ENABLE_MODULES = YES;
				CLANG_ENABLE_OBJC_ARC = YES;
				CLANG_ENABLE_OBJC_WEAK = YES;
				CLANG_WARN_BLOCK_CAPTURE_AUTORELEASING = YES;
				CLANG_WARN_BOOL_CONVERSION = YES;
				CLANG_WARN_COMMA = YES;
				CLANG_WARN_CONSTANT_CONVERSION = YES;
				CLANG_WARN_DEPRECATED_OBJC_IMPLEMENTATIONS = YES;
				CLANG_WARN_DIRECT_OBJC_ISA_USAGE = YES_ERROR;
				CLANG_WARN_DOCUMENTATION_COMMENTS = YES;
				CLANG_WARN_EMPTY_BODY = YES;
				CLANG_WARN_ENUM_CONVERSION = YES;
				CLANG_WARN_INFINITE_RECURSION = YES;
				CLANG_WARN_INT_CONVERSION = YES;
				CLANG_WARN_NON_LITERAL_NULL_CONVERSION = YES;
				CLANG_WARN_OBJC_IMPLICIT_RETAIN_SELF = YES;
				CLANG_WARN_OBJC_LITERAL_CONVERSION = YES;
				CLANG_WARN_OBJC_ROOT_CLASS = YES_ERROR;
				CLANG_WARN_QUOTED_INCLUDE_IN_FRAMEWORK_HEADER = YES;
				CLANG_WARN_RANGE_LOOP_ANALYSIS = YES;
				CLANG_WARN_STRICT_PROTOTYPES = YES;
				CLANG_WARN_SUSPICIOUS_MOVE = YES;
				CLANG_WARN_UNGUARDED_AVAILABILITY = YES_AGGRESSIVE;
				CLANG_WARN_UNREACHABLE_CODE = YES;
				CLANG_WARN__DUPLICATE_METHOD_MATCH = YES;
				COPY_PHASE_STRIP = NO;
				DEBUG_INFORMATION_FORMAT = dwarf;
				ENABLE_STRICT_OBJC_MSGSEND = YES;
				ENABLE_TESTABILITY = YES;
				ENABLE_USER_SCRIPT_SANDBOXING = YES;
				GCC_C_LANGUAGE_STANDARD = gnu17;
				GCC_DYNAMIC_NO_PIC = NO;
				GCC_NO_COMMON_BLOCKS = YES;
				GCC_OPTIMIZATION_LEVEL = 0;
				GCC_PREPROCESSOR_DEFINITIONS = (
					"DEBUG=1",
					"$(inherited)",
				);
				GCC_WARN_64_TO_32_BIT_CONVERSION = YES;
				GCC_WARN_ABOUT_RETURN_TYPE = YES_ERROR;
				GCC_WARN_UNDECLARED_SELECTOR = YES;
				GCC_WARN_UNINITIALIZED_AUTOS = YES_AGGRESSIVE;
				GCC_WARN_UNUSED_FUNCTION = YES;
				GCC_WARN_UNUSED_VARIABLE = YES;
				IPHONEOS_DEPLOYMENT_TARGET = 17.2;
				LOCALIZATION_PREFERS_STRING_CATALOGS = YES;
				MTL_ENABLE_DEBUG_INFO = INCLUDE_SOURCE;
				MTL_FAST_MATH = YES;
				ONLY_ACTIVE_ARCH = YES;
				SDKROOT = iphoneos;
				SWIFT_ACTIVE_COMPILATION_CONDITIONS = "DEBUG $(inherited)";
				SWIFT_OPTIMIZATION_LEVEL = "-Onone";
			};
			name = Debug;
		};
		BC324A712B2F1C0300448CED /* Release */ = {
			isa = XCBuildConfiguration;
			buildSettings = {
				ALWAYS_SEARCH_USER_PATHS = NO;
				ASSETCATALOG_COMPILER_GENERATE_SWIFT_ASSET_SYMBOL_EXTENSIONS = YES;
				CLANG_ANALYZER_NONNULL = YES;
				CLANG_ANALYZER_NUMBER_OBJECT_CONVERSION = YES_AGGRESSIVE;
				CLANG_CXX_LANGUAGE_STANDARD = "gnu++20";
				CLANG_ENABLE_MODULES = YES;
				CLANG_ENABLE_OBJC_ARC = YES;
				CLANG_ENABLE_OBJC_WEAK = YES;
				CLANG_WARN_BLOCK_CAPTURE_AUTORELEASING = YES;
				CLANG_WARN_BOOL_CONVERSION = YES;
				CLANG_WARN_COMMA = YES;
				CLANG_WARN_CONSTANT_CONVERSION = YES;
				CLANG_WARN_DEPRECATED_OBJC_IMPLEMENTATIONS = YES;
				CLANG_WARN_DIRECT_OBJC_ISA_USAGE = YES_ERROR;
				CLANG_WARN_DOCUMENTATION_COMMENTS = YES;
				CLANG_WARN_EMPTY_BODY = YES;
				CLANG_WARN_ENUM_CONVERSION = YES;
				CLANG_WARN_INFINITE_RECURSION = YES;
				CLANG_WARN_INT_CONVERSION = YES;
				CLANG_WARN_NON_LITERAL_NULL_CONVERSION = YES;
				CLANG_WARN_OBJC_IMPLICIT_RETAIN_SELF = YES;
				CLANG_WARN_OBJC_LITERAL_CONVERSION = YES;
				CLANG_WARN_OBJC_ROOT_CLASS = YES_ERROR;
				CLANG_WARN_QUOTED_INCLUDE_IN_FRAMEWORK_HEADER = YES;
				CLANG_WARN_RANGE_LOOP_ANALYSIS = YES;
				CLANG_WARN_STRICT_PROTOTYPES = YES;
				CLANG_WARN_SUSPICIOUS_MOVE = YES;
				CLANG_WARN_UNGUARDED_AVAILABILITY = YES_AGGRESSIVE;
				CLANG_WARN_UNREACHABLE_CODE = YES;
				CLANG_WARN__DUPLICATE_METHOD_MATCH = YES;
				COPY_PHASE_STRIP = NO;
				DEBUG_INFORMATION_FORMAT = "dwarf-with-dsym";
				ENABLE_NS_ASSERTIONS = NO;
				ENABLE_STRICT_OBJC_MSGSEND = YES;
				ENABLE_USER_SCRIPT_SANDBOXING = YES;
				GCC_C_LANGUAGE_STANDARD = gnu17;
				GCC_NO_COMMON_BLOCKS = YES;
				GCC_WARN_64_TO_32_BIT_CONVERSION = YES;
				GCC_WARN_ABOUT_RETURN_TYPE = YES_ERROR;
				GCC_WARN_UNDECLARED_SELECTOR = YES;
				GCC_WARN_UNINITIALIZED_AUTOS = YES_AGGRESSIVE;
				GCC_WARN_UNUSED_FUNCTION = YES;
				GCC_WARN_UNUSED_VARIABLE = YES;
				IPHONEOS_DEPLOYMENT_TARGET = 17.2;
				LOCALIZATION_PREFERS_STRING_CATALOGS = YES;
				MTL_ENABLE_DEBUG_INFO = NO;
				MTL_FAST_MATH = YES;
				SDKROOT = iphoneos;
				SWIFT_COMPILATION_MODE = wholemodule;
				VALIDATE_PRODUCT = YES;
			};
			name = Release;
		};
		BC324A732B2F1C0300448CED /* Debug */ = {
			isa = XCBuildConfiguration;
			buildSettings = {
				ASSETCATALOG_COMPILER_APPICON_NAME = AppIcon;
				ASSETCATALOG_COMPILER_GLOBAL_ACCENT_COLOR_NAME = AccentColor;
				CODE_SIGN_STYLE = Automatic;
				CURRENT_PROJECT_VERSION = 1;
				DEVELOPMENT_ASSET_PATHS = "\"Events.au/Preview Content\"";
				DEVELOPMENT_TEAM = A89P8LLWX2;
				ENABLE_PREVIEWS = YES;
				GENERATE_INFOPLIST_FILE = YES;
				INFOPLIST_KEY_UIApplicationSceneManifest_Generation = YES;
				INFOPLIST_KEY_UIApplicationSupportsIndirectInputEvents = YES;
				INFOPLIST_KEY_UILaunchScreen_Generation = YES;
				INFOPLIST_KEY_UISupportedInterfaceOrientations_iPad = "UIInterfaceOrientationPortrait UIInterfaceOrientationPortraitUpsideDown UIInterfaceOrientationLandscapeLeft UIInterfaceOrientationLandscapeRight";
				INFOPLIST_KEY_UISupportedInterfaceOrientations_iPhone = "UIInterfaceOrientationPortrait UIInterfaceOrientationLandscapeLeft UIInterfaceOrientationLandscapeRight";
				LD_RUNPATH_SEARCH_PATHS = (
					"$(inherited)",
					"@executable_path/Frameworks",
				);
				MARKETING_VERSION = 1.0;
				PRODUCT_BUNDLE_IDENTIFIER = "com.austinxu.Events-au";
				PRODUCT_NAME = "$(TARGET_NAME)";
				SWIFT_EMIT_LOC_STRINGS = YES;
				SWIFT_VERSION = 5.0;
				TARGETED_DEVICE_FAMILY = "1,2";
			};
			name = Debug;
		};
		BC324A742B2F1C0300448CED /* Release */ = {
			isa = XCBuildConfiguration;
			buildSettings = {
				ASSETCATALOG_COMPILER_APPICON_NAME = AppIcon;
				ASSETCATALOG_COMPILER_GLOBAL_ACCENT_COLOR_NAME = AccentColor;
				CODE_SIGN_STYLE = Automatic;
				CURRENT_PROJECT_VERSION = 1;
				DEVELOPMENT_ASSET_PATHS = "\"Events.au/Preview Content\"";
				DEVELOPMENT_TEAM = A89P8LLWX2;
				ENABLE_PREVIEWS = YES;
				GENERATE_INFOPLIST_FILE = YES;
				INFOPLIST_KEY_UIApplicationSceneManifest_Generation = YES;
				INFOPLIST_KEY_UIApplicationSupportsIndirectInputEvents = YES;
				INFOPLIST_KEY_UILaunchScreen_Generation = YES;
				INFOPLIST_KEY_UISupportedInterfaceOrientations_iPad = "UIInterfaceOrientationPortrait UIInterfaceOrientationPortraitUpsideDown UIInterfaceOrientationLandscapeLeft UIInterfaceOrientationLandscapeRight";
				INFOPLIST_KEY_UISupportedInterfaceOrientations_iPhone = "UIInterfaceOrientationPortrait UIInterfaceOrientationLandscapeLeft UIInterfaceOrientationLandscapeRight";
				LD_RUNPATH_SEARCH_PATHS = (
					"$(inherited)",
					"@executable_path/Frameworks",
				);
				MARKETING_VERSION = 1.0;
				PRODUCT_BUNDLE_IDENTIFIER = "com.austinxu.Events-au";
				PRODUCT_NAME = "$(TARGET_NAME)";
				SWIFT_EMIT_LOC_STRINGS = YES;
				SWIFT_VERSION = 5.0;
				TARGETED_DEVICE_FAMILY = "1,2";
			};
			name = Release;
		};
/* End XCBuildConfiguration section */

/* Begin XCConfigurationList section */
		BC324A5F2B2F1C0100448CED /* Build configuration list for PBXProject "Events.au" */ = {
			isa = XCConfigurationList;
			buildConfigurations = (
				BC324A702B2F1C0300448CED /* Debug */,
				BC324A712B2F1C0300448CED /* Release */,
			);
			defaultConfigurationIsVisible = 0;
			defaultConfigurationName = Release;
		};
		BC324A722B2F1C0300448CED /* Build configuration list for PBXNativeTarget "Events.au" */ = {
			isa = XCConfigurationList;
			buildConfigurations = (
				BC324A732B2F1C0300448CED /* Debug */,
				BC324A742B2F1C0300448CED /* Release */,
			);
			defaultConfigurationIsVisible = 0;
			defaultConfigurationName = Release;
		};
/* End XCConfigurationList section */

/* Begin XCRemoteSwiftPackageReference section */
		BCF2FA352B3334AD00262FC5 /* XCRemoteSwiftPackageReference "SwiftUI-Custom-TextField" */ = {
			isa = XCRemoteSwiftPackageReference;
			repositoryURL = "https://github.com/esatgozcu/SwiftUI-Custom-TextField";
			requirement = {
				branch = main;
				kind = branch;
			};
		};
/* End XCRemoteSwiftPackageReference section */

/* Begin XCSwiftPackageProductDependency section */
		BCF2FA362B3334AD00262FC5 /* CustomTextField */ = {
			isa = XCSwiftPackageProductDependency;
			package = BCF2FA352B3334AD00262FC5 /* XCRemoteSwiftPackageReference "SwiftUI-Custom-TextField" */;
			productName = CustomTextField;
		};
/* End XCSwiftPackageProductDependency section */
	};
	rootObject = BC324A5C2B2F1C0100448CED /* Project object */;
}
